
Microsoft Visual Studio Solution File, Format Version 12.00
# Visual Studio 15
VisualStudioVersion = 15.0.28010.2048
MinimumVisualStudioVersion = 10.0.40219.1
Project("{FAE04EC0-301F-11D3-BF4B-00C04F79EFBC}") = "TailendersApi.Contracts", "TailendersApi.Contracts\TailendersApi.Contracts.csproj", "{68D2A49C-07E1-4C61-A784-4A149B02A22E}"
EndProject
Project("{FAE04EC0-301F-11D3-BF4B-00C04F79EFBC}") = "TailendersApi.WebApi", "TailendersApi.WebApi\TailendersApi.WebApi.csproj", "{99829BF1-9D77-45D2-989D-DF97415C741F}"
EndProject
Project("{FAE04EC0-301F-11D3-BF4B-00C04F79EFBC}") = "TailendersApi.Repository", "TailendersApi.Repository\TailendersApi.Repository.csproj", "{8E80CD29-62EB-438B-BC87-91BDAFF75159}"
EndProject
Global
	GlobalSection(SolutionConfigurationPlatforms) = preSolution
		Debug|Any CPU = Debug|Any CPU
		Release|Any CPU = Release|Any CPU
	EndGlobalSection
	GlobalSection(ProjectConfigurationPlatforms) = postSolution
		{68D2A49C-07E1-4C61-A784-4A149B02A22E}.Debug|Any CPU.ActiveCfg = Debug|Any CPU
		{68D2A49C-07E1-4C61-A784-4A149B02A22E}.Debug|Any CPU.Build.0 = Debug|Any CPU
		{68D2A49C-07E1-4C61-A784-4A149B02A22E}.Release|Any CPU.ActiveCfg = Release|Any CPU
		{68D2A49C-07E1-4C61-A784-4A149B02A22E}.Release|Any CPU.Build.0 = Release|Any CPU
		{99829BF1-9D77-45D2-989D-DF97415C741F}.Debug|Any CPU.ActiveCfg = Debug|Any CPU
		{99829BF1-9D77-45D2-989D-DF97415C741F}.Debug|Any CPU.Build.0 = Debug|Any CPU
		{99829BF1-9D77-45D2-989D-DF97415C741F}.Release|Any CPU.ActiveCfg = Release|Any CPU
		{99829BF1-9D77-45D2-989D-DF97415C741F}.Release|Any CPU.Build.0 = Release|Any CPU
		{8E80CD29-62EB-438B-BC87-91BDAFF75159}.Debug|Any CPU.ActiveCfg = Debug|Any CPU
		{8E80CD29-62EB-438B-BC87-91BDAFF75159}.Debug|Any CPU.Build.0 = Debug|Any CPU
		{8E80CD29-62EB-438B-BC87-91BDAFF75159}.Release|Any CPU.ActiveCfg = Release|Any CPU
		{8E80CD29-62EB-438B-BC87-91BDAFF75159}.Release|Any CPU.Build.0 = Release|Any CPU
	EndGlobalSection
	GlobalSection(SolutionProperties) = preSolution
		HideSolutionNode = FALSE
	EndGlobalSection
	GlobalSection(ExtensibilityGlobals) = postSolution
		SolutionGuid = {A69838F0-AD7A-4F55-8376-CE8BD0A160B7}
	EndGlobalSection
EndGlobal
